
Microsoft Visual Studio Solution File, Format Version 12.00
Project("{FAE04EC0-301F-11D3-BF4B-00C04F79EFBC}") = "ProductManagerApi", "ProductManagerApi\ProductManagerApi.csproj", "{EE799F09-93DB-48EA-B0C6-59FFADFC434B}"
EndProject
Global
	GlobalSection(SolutionConfigurationPlatforms) = preSolution
		Debug|Any CPU = Debug|Any CPU
		Release|Any CPU = Release|Any CPU
	EndGlobalSection
	GlobalSection(ProjectConfigurationPlatforms) = postSolution
		{EE799F09-93DB-48EA-B0C6-59FFADFC434B}.Debug|Any CPU.ActiveCfg = Debug|Any CPU
		{EE799F09-93DB-48EA-B0C6-59FFADFC434B}.Debug|Any CPU.Build.0 = Debug|Any CPU
		{EE799F09-93DB-48EA-B0C6-59FFADFC434B}.Release|Any CPU.ActiveCfg = Release|Any CPU
		{EE799F09-93DB-48EA-B0C6-59FFADFC434B}.Release|Any CPU.Build.0 = Release|Any CPU
	EndGlobalSection
EndGlobal
